# THIS IS AN AUTOGENERATED FILE. DO NOT EDIT THIS FILE DIRECTLY.
# yarn lockfile v1


zenn-cli@0.1.136:
  version "0.1.136"
  resolved "https://registry.yarnpkg.com/zenn-cli/-/zenn-cli-0.1.136.tgz#4b5dd8b6907d5e7f5160994b7d9df9fbd7233ffa"
  integrity sha512-61itdavSHmqNZK/W4rPY6pKBAdPnBF72FrXh5BSPbEF50QnffKHntk32SaGGnPD94g3oNdeznqqT6lEcfHj1jQ==
