# THIS IS AN AUTOGENERATED FILE. DO NOT EDIT THIS FILE DIRECTLY.
# yarn lockfile v1


zenn-cli@0.1.145:
  version "0.1.145"
  resolved "https://registry.yarnpkg.com/zenn-cli/-/zenn-cli-0.1.145.tgz#234c4eae88b3f098600e10602f44f8e86fb2f2d6"
  integrity sha512-9c2vWi9Zn8tMRLTAbzsM4iN/VHM9dihTRTANavO29epWB+3X59yVeMHyDyfpnXI+CbJcm2sQl56GhbcDBL2w5Q==
