# THIS IS AN AUTOGENERATED FILE. DO NOT EDIT THIS FILE DIRECTLY.
# yarn lockfile v1


zenn-cli@0.2.6:
  version "0.2.6"
  resolved "https://registry.yarnpkg.com/zenn-cli/-/zenn-cli-0.2.6.tgz#854fac746b341f20321467811d8452b99c58637e"
  integrity sha512-rDRd13/PuJBjpj5nskuf0tOgPb9SBMHF6r4Fu0zdYQsK0iLPtoP240RhZdAIh5d70jPgjf4EtSTRgoJ8n9Tvjg==
